
Microsoft Visual Studio Solution File, Format Version 12.00
# Visual Studio 15
VisualStudioVersion = 15.0.28010.0
MinimumVisualStudioVersion = 10.0.40219.1
Project("{FAE04EC0-301F-11D3-BF4B-00C04F79EFBC}") = "2. CircleSurface", "2. CircleSurface\2. CircleSurface.csproj", "{0A44727D-9009-4E3E-99D2-9B717EC47EB5}"
EndProject
Project("{FAE04EC0-301F-11D3-BF4B-00C04F79EFBC}") = "3. ExactSum", "3. ExactSum\3. ExactSum.csproj", "{2B33C921-C18A-48BA-A3F6-9DCDD15E3AC3}"
EndProject
Project("{FAE04EC0-301F-11D3-BF4B-00C04F79EFBC}") = "4. Elevator", "4. Elevator\4. Elevator.csproj", "{FEFE4313-5D3C-4FCE-80C7-B6FAE794F613}"
EndProject
Project("{FAE04EC0-301F-11D3-BF4B-00C04F79EFBC}") = "5. SpecialNumbers", "5. SpecialNumbers\5. SpecialNumbers.csproj", "{E258223E-EE6A-409C-8EA4-D255D44301F6}"
EndProject
Project("{FAE04EC0-301F-11D3-BF4B-00C04F79EFBC}") = "6. TriplesOfLetters", "6. TriplesOfLetters\6. TriplesOfLetters.csproj", "{3BA1A772-F919-471C-8863-50E4DE1E6286}"
EndProject
Project("{FAE04EC0-301F-11D3-BF4B-00C04F79EFBC}") = "7. Greeting", "7. Greeting\7. Greeting.csproj", "{924DAA16-2E90-48D8-9E62-F1B36EBD8F9B}"
EndProject
Project("{FAE04EC0-301F-11D3-BF4B-00C04F79EFBC}") = "8. RefactorVolumeOfPyramid", "8. RefactorVolumeOfPyramid\8. RefactorVolumeOfPyramid.csproj", "{3CC331C5-09D8-4E58-A39E-79EE5FD0B97A}"
EndProject
Project("{FAE04EC0-301F-11D3-BF4B-00C04F79EFBC}") = "9. RefactorSpecialNumbers", "9. RefactorSpecialNumbers\9. RefactorSpecialNumbers.csproj", "{50BA96EF-4003-4E0A-B04B-A68FEBE57466}"
EndProject
Project("{FAE04EC0-301F-11D3-BF4B-00C04F79EFBC}") = "1. CentToMin", "1. CentToMin\1. CentToMin.csproj", "{169CD991-99E5-48BB-8756-08268FD68CB7}"
EndProject
Global
	GlobalSection(SolutionConfigurationPlatforms) = preSolution
		Debug|Any CPU = Debug|Any CPU
		Release|Any CPU = Release|Any CPU
	EndGlobalSection
	GlobalSection(ProjectConfigurationPlatforms) = postSolution
		{0A44727D-9009-4E3E-99D2-9B717EC47EB5}.Debug|Any CPU.ActiveCfg = Debug|Any CPU
		{0A44727D-9009-4E3E-99D2-9B717EC47EB5}.Debug|Any CPU.Build.0 = Debug|Any CPU
		{0A44727D-9009-4E3E-99D2-9B717EC47EB5}.Release|Any CPU.ActiveCfg = Release|Any CPU
		{0A44727D-9009-4E3E-99D2-9B717EC47EB5}.Release|Any CPU.Build.0 = Release|Any CPU
		{2B33C921-C18A-48BA-A3F6-9DCDD15E3AC3}.Debug|Any CPU.ActiveCfg = Debug|Any CPU
		{2B33C921-C18A-48BA-A3F6-9DCDD15E3AC3}.Debug|Any CPU.Build.0 = Debug|Any CPU
		{2B33C921-C18A-48BA-A3F6-9DCDD15E3AC3}.Release|Any CPU.ActiveCfg = Release|Any CPU
		{2B33C921-C18A-48BA-A3F6-9DCDD15E3AC3}.Release|Any CPU.Build.0 = Release|Any CPU
		{FEFE4313-5D3C-4FCE-80C7-B6FAE794F613}.Debug|Any CPU.ActiveCfg = Debug|Any CPU
		{FEFE4313-5D3C-4FCE-80C7-B6FAE794F613}.Debug|Any CPU.Build.0 = Debug|Any CPU
		{FEFE4313-5D3C-4FCE-80C7-B6FAE794F613}.Release|Any CPU.ActiveCfg = Release|Any CPU
		{FEFE4313-5D3C-4FCE-80C7-B6FAE794F613}.Release|Any CPU.Build.0 = Release|Any CPU
		{E258223E-EE6A-409C-8EA4-D255D44301F6}.Debug|Any CPU.ActiveCfg = Debug|Any CPU
		{E258223E-EE6A-409C-8EA4-D255D44301F6}.Debug|Any CPU.Build.0 = Debug|Any CPU
		{E258223E-EE6A-409C-8EA4-D255D44301F6}.Release|Any CPU.ActiveCfg = Release|Any CPU
		{E258223E-EE6A-409C-8EA4-D255D44301F6}.Release|Any CPU.Build.0 = Release|Any CPU
		{3BA1A772-F919-471C-8863-50E4DE1E6286}.Debug|Any CPU.ActiveCfg = Debug|Any CPU
		{3BA1A772-F919-471C-8863-50E4DE1E6286}.Debug|Any CPU.Build.0 = Debug|Any CPU
		{3BA1A772-F919-471C-8863-50E4DE1E6286}.Release|Any CPU.ActiveCfg = Release|Any CPU
		{3BA1A772-F919-471C-8863-50E4DE1E6286}.Release|Any CPU.Build.0 = Release|Any CPU
		{924DAA16-2E90-48D8-9E62-F1B36EBD8F9B}.Debug|Any CPU.ActiveCfg = Debug|Any CPU
		{924DAA16-2E90-48D8-9E62-F1B36EBD8F9B}.Debug|Any CPU.Build.0 = Debug|Any CPU
		{924DAA16-2E90-48D8-9E62-F1B36EBD8F9B}.Release|Any CPU.ActiveCfg = Release|Any CPU
		{924DAA16-2E90-48D8-9E62-F1B36EBD8F9B}.Release|Any CPU.Build.0 = Release|Any CPU
		{3CC331C5-09D8-4E58-A39E-79EE5FD0B97A}.Debug|Any CPU.ActiveCfg = Debug|Any CPU
		{3CC331C5-09D8-4E58-A39E-79EE5FD0B97A}.Debug|Any CPU.Build.0 = Debug|Any CPU
		{3CC331C5-09D8-4E58-A39E-79EE5FD0B97A}.Release|Any CPU.ActiveCfg = Release|Any CPU
		{3CC331C5-09D8-4E58-A39E-79EE5FD0B97A}.Release|Any CPU.Build.0 = Release|Any CPU
		{50BA96EF-4003-4E0A-B04B-A68FEBE57466}.Debug|Any CPU.ActiveCfg = Debug|Any CPU
		{50BA96EF-4003-4E0A-B04B-A68FEBE57466}.Debug|Any CPU.Build.0 = Debug|Any CPU
		{50BA96EF-4003-4E0A-B04B-A68FEBE57466}.Release|Any CPU.ActiveCfg = Release|Any CPU
		{50BA96EF-4003-4E0A-B04B-A68FEBE57466}.Release|Any CPU.Build.0 = Release|Any CPU
		{169CD991-99E5-48BB-8756-08268FD68CB7}.Debug|Any CPU.ActiveCfg = Debug|Any CPU
		{169CD991-99E5-48BB-8756-08268FD68CB7}.Debug|Any CPU.Build.0 = Debug|Any CPU
		{169CD991-99E5-48BB-8756-08268FD68CB7}.Release|Any CPU.ActiveCfg = Release|Any CPU
		{169CD991-99E5-48BB-8756-08268FD68CB7}.Release|Any CPU.Build.0 = Release|Any CPU
	EndGlobalSection
	GlobalSection(SolutionProperties) = preSolution
		HideSolutionNode = FALSE
	EndGlobalSection
	GlobalSection(ExtensibilityGlobals) = postSolution
		SolutionGuid = {5991D78D-7989-481F-A473-F4D0F111BF52}
	EndGlobalSection
EndGlobal
