
Microsoft Visual Studio Solution File, Format Version 12.00
# Visual Studio 14
VisualStudioVersion = 14.0.24720.0
MinimumVisualStudioVersion = 10.0.40219.1
Project("{FAE04EC0-301F-11D3-BF4B-00C04F79EFBC}") = "01. RegisteredUsers", "01. RegisteredUsers\01. RegisteredUsers.csproj", "{5F2B8547-D552-413D-B5EE-839870BAFB1B}"
EndProject
Project("{FAE04EC0-301F-11D3-BF4B-00C04F79EFBC}") = "02. DefaultValues", "02. DefaultValues\02. DefaultValues.csproj", "{83A910FA-9214-4DC0-B4C7-1DA3A6F657BB}"
EndProject
Project("{FAE04EC0-301F-11D3-BF4B-00C04F79EFBC}") = "03. FlattenDictionary", "03. FlattenDictionary\03. FlattenDictionary.csproj", "{4E9A874D-6AB7-456A-80DA-884798EE3B6A}"
EndProject
Project("{FAE04EC0-301F-11D3-BF4B-00C04F79EFBC}") = "04. CottageScraper", "04. CottageScraper\04. CottageScraper.csproj", "{BBA9FDE7-2BDD-423E-A9AC-6B7E02F4591E}"
EndProject
Global
	GlobalSection(SolutionConfigurationPlatforms) = preSolution
		Debug|Any CPU = Debug|Any CPU
		Release|Any CPU = Release|Any CPU
	EndGlobalSection
	GlobalSection(ProjectConfigurationPlatforms) = postSolution
		{5F2B8547-D552-413D-B5EE-839870BAFB1B}.Debug|Any CPU.ActiveCfg = Debug|Any CPU
		{5F2B8547-D552-413D-B5EE-839870BAFB1B}.Debug|Any CPU.Build.0 = Debug|Any CPU
		{5F2B8547-D552-413D-B5EE-839870BAFB1B}.Release|Any CPU.ActiveCfg = Release|Any CPU
		{5F2B8547-D552-413D-B5EE-839870BAFB1B}.Release|Any CPU.Build.0 = Release|Any CPU
		{83A910FA-9214-4DC0-B4C7-1DA3A6F657BB}.Debug|Any CPU.ActiveCfg = Debug|Any CPU
		{83A910FA-9214-4DC0-B4C7-1DA3A6F657BB}.Debug|Any CPU.Build.0 = Debug|Any CPU
		{83A910FA-9214-4DC0-B4C7-1DA3A6F657BB}.Release|Any CPU.ActiveCfg = Release|Any CPU
		{83A910FA-9214-4DC0-B4C7-1DA3A6F657BB}.Release|Any CPU.Build.0 = Release|Any CPU
		{4E9A874D-6AB7-456A-80DA-884798EE3B6A}.Debug|Any CPU.ActiveCfg = Debug|Any CPU
		{4E9A874D-6AB7-456A-80DA-884798EE3B6A}.Debug|Any CPU.Build.0 = Debug|Any CPU
		{4E9A874D-6AB7-456A-80DA-884798EE3B6A}.Release|Any CPU.ActiveCfg = Release|Any CPU
		{4E9A874D-6AB7-456A-80DA-884798EE3B6A}.Release|Any CPU.Build.0 = Release|Any CPU
		{BBA9FDE7-2BDD-423E-A9AC-6B7E02F4591E}.Debug|Any CPU.ActiveCfg = Debug|Any CPU
		{BBA9FDE7-2BDD-423E-A9AC-6B7E02F4591E}.Debug|Any CPU.Build.0 = Debug|Any CPU
		{BBA9FDE7-2BDD-423E-A9AC-6B7E02F4591E}.Release|Any CPU.ActiveCfg = Release|Any CPU
		{BBA9FDE7-2BDD-423E-A9AC-6B7E02F4591E}.Release|Any CPU.Build.0 = Release|Any CPU
	EndGlobalSection
	GlobalSection(SolutionProperties) = preSolution
		HideSolutionNode = FALSE
	EndGlobalSection
EndGlobal
