
Microsoft Visual Studio Solution File, Format Version 12.00
# Visual Studio 14
VisualStudioVersion = 14.0.24720.0
MinimumVisualStudioVersion = 10.0.40219.1
Project("{FAE04EC0-301F-11D3-BF4B-00C04F79EFBC}") = "01. ReverseString", "01. ReverseString\01. ReverseString.csproj", "{3F3EF3FF-9196-4ABF-82A5-61BACD8E0B31}"
EndProject
Project("{FAE04EC0-301F-11D3-BF4B-00C04F79EFBC}") = "02. CountOccurances", "02. CountOccurances\02. CountOccurances.csproj", "{65FAFE81-76DF-43D0-9BE1-8E9F387F63FF}"
EndProject
Project("{FAE04EC0-301F-11D3-BF4B-00C04F79EFBC}") = "03. TextFilter", "03. TextFilter\03. TextFilter.csproj", "{14A66868-EB5F-4251-A0A2-4BB5246A1093}"
EndProject
Project("{FAE04EC0-301F-11D3-BF4B-00C04F79EFBC}") = "04. Palindromes", "04. Palindromes\04. Palindromes.csproj", "{2A2F53DA-9CA9-4320-91A4-E90BBF6245D4}"
EndProject
Global
	GlobalSection(SolutionConfigurationPlatforms) = preSolution
		Debug|Any CPU = Debug|Any CPU
		Release|Any CPU = Release|Any CPU
	EndGlobalSection
	GlobalSection(ProjectConfigurationPlatforms) = postSolution
		{3F3EF3FF-9196-4ABF-82A5-61BACD8E0B31}.Debug|Any CPU.ActiveCfg = Debug|Any CPU
		{3F3EF3FF-9196-4ABF-82A5-61BACD8E0B31}.Debug|Any CPU.Build.0 = Debug|Any CPU
		{3F3EF3FF-9196-4ABF-82A5-61BACD8E0B31}.Release|Any CPU.ActiveCfg = Release|Any CPU
		{3F3EF3FF-9196-4ABF-82A5-61BACD8E0B31}.Release|Any CPU.Build.0 = Release|Any CPU
		{65FAFE81-76DF-43D0-9BE1-8E9F387F63FF}.Debug|Any CPU.ActiveCfg = Debug|Any CPU
		{65FAFE81-76DF-43D0-9BE1-8E9F387F63FF}.Debug|Any CPU.Build.0 = Debug|Any CPU
		{65FAFE81-76DF-43D0-9BE1-8E9F387F63FF}.Release|Any CPU.ActiveCfg = Release|Any CPU
		{65FAFE81-76DF-43D0-9BE1-8E9F387F63FF}.Release|Any CPU.Build.0 = Release|Any CPU
		{14A66868-EB5F-4251-A0A2-4BB5246A1093}.Debug|Any CPU.ActiveCfg = Debug|Any CPU
		{14A66868-EB5F-4251-A0A2-4BB5246A1093}.Debug|Any CPU.Build.0 = Debug|Any CPU
		{14A66868-EB5F-4251-A0A2-4BB5246A1093}.Release|Any CPU.ActiveCfg = Release|Any CPU
		{14A66868-EB5F-4251-A0A2-4BB5246A1093}.Release|Any CPU.Build.0 = Release|Any CPU
		{2A2F53DA-9CA9-4320-91A4-E90BBF6245D4}.Debug|Any CPU.ActiveCfg = Debug|Any CPU
		{2A2F53DA-9CA9-4320-91A4-E90BBF6245D4}.Debug|Any CPU.Build.0 = Debug|Any CPU
		{2A2F53DA-9CA9-4320-91A4-E90BBF6245D4}.Release|Any CPU.ActiveCfg = Release|Any CPU
		{2A2F53DA-9CA9-4320-91A4-E90BBF6245D4}.Release|Any CPU.Build.0 = Release|Any CPU
	EndGlobalSection
	GlobalSection(SolutionProperties) = preSolution
		HideSolutionNode = FALSE
	EndGlobalSection
EndGlobal
