
Microsoft Visual Studio Solution File, Format Version 12.00
# Visual Studio 15
VisualStudioVersion = 15.0.27004.2008
MinimumVisualStudioVersion = 10.0.40219.1
Project("{FAE04EC0-301F-11D3-BF4B-00C04F79EFBC}") = "1. BlankReceipt", "1. BlankReceipt\1. BlankReceipt.csproj", "{07BCD295-AAEE-45E3-80FC-BDD16A1CB797}"
EndProject
Project("{FAE04EC0-301F-11D3-BF4B-00C04F79EFBC}") = "2. SignOfNumber", "2. SignOfNumber\2. SignOfNumber.csproj", "{975E8500-A414-4AB5-B7A8-3B7DD4D642AA}"
EndProject
Project("{FAE04EC0-301F-11D3-BF4B-00C04F79EFBC}") = "4. DrawFilledSquare", "4. DrawFilledSquare\4. DrawFilledSquare.csproj", "{4754B4E1-ABD9-440A-B1D5-C237E4330CCA}"
EndProject
Project("{FAE04EC0-301F-11D3-BF4B-00C04F79EFBC}") = "5. CalculateTriangleArea", "5. CalculateTriangleArea\5. CalculateTriangleArea.csproj", "{6F128344-F572-4AE7-BA40-6894DBC2E438}"
EndProject
Project("{FAE04EC0-301F-11D3-BF4B-00C04F79EFBC}") = "6. MathPower", "6. MathPower\6. MathPower.csproj", "{F38B0E56-0370-40A9-A6DF-1DE7F4F1D20C}"
EndProject
Project("{FAE04EC0-301F-11D3-BF4B-00C04F79EFBC}") = "3. PrintTriangle", "3. PrintTriangle\3. PrintTriangle.csproj", "{979DD751-2509-4206-9E4E-E30C233AC1DF}"
EndProject
Project("{FAE04EC0-301F-11D3-BF4B-00C04F79EFBC}") = "7. GreaterValue", "7. GreaterValue\7. GreaterValue.csproj", "{3A0D1CED-0D26-48E7-8B5B-282D00BE040B}"
EndProject
Global
	GlobalSection(SolutionConfigurationPlatforms) = preSolution
		Debug|Any CPU = Debug|Any CPU
		Release|Any CPU = Release|Any CPU
	EndGlobalSection
	GlobalSection(ProjectConfigurationPlatforms) = postSolution
		{07BCD295-AAEE-45E3-80FC-BDD16A1CB797}.Debug|Any CPU.ActiveCfg = Debug|Any CPU
		{07BCD295-AAEE-45E3-80FC-BDD16A1CB797}.Debug|Any CPU.Build.0 = Debug|Any CPU
		{07BCD295-AAEE-45E3-80FC-BDD16A1CB797}.Release|Any CPU.ActiveCfg = Release|Any CPU
		{07BCD295-AAEE-45E3-80FC-BDD16A1CB797}.Release|Any CPU.Build.0 = Release|Any CPU
		{975E8500-A414-4AB5-B7A8-3B7DD4D642AA}.Debug|Any CPU.ActiveCfg = Debug|Any CPU
		{975E8500-A414-4AB5-B7A8-3B7DD4D642AA}.Debug|Any CPU.Build.0 = Debug|Any CPU
		{975E8500-A414-4AB5-B7A8-3B7DD4D642AA}.Release|Any CPU.ActiveCfg = Release|Any CPU
		{975E8500-A414-4AB5-B7A8-3B7DD4D642AA}.Release|Any CPU.Build.0 = Release|Any CPU
		{4754B4E1-ABD9-440A-B1D5-C237E4330CCA}.Debug|Any CPU.ActiveCfg = Debug|Any CPU
		{4754B4E1-ABD9-440A-B1D5-C237E4330CCA}.Debug|Any CPU.Build.0 = Debug|Any CPU
		{4754B4E1-ABD9-440A-B1D5-C237E4330CCA}.Release|Any CPU.ActiveCfg = Release|Any CPU
		{4754B4E1-ABD9-440A-B1D5-C237E4330CCA}.Release|Any CPU.Build.0 = Release|Any CPU
		{6F128344-F572-4AE7-BA40-6894DBC2E438}.Debug|Any CPU.ActiveCfg = Debug|Any CPU
		{6F128344-F572-4AE7-BA40-6894DBC2E438}.Debug|Any CPU.Build.0 = Debug|Any CPU
		{6F128344-F572-4AE7-BA40-6894DBC2E438}.Release|Any CPU.ActiveCfg = Release|Any CPU
		{6F128344-F572-4AE7-BA40-6894DBC2E438}.Release|Any CPU.Build.0 = Release|Any CPU
		{F38B0E56-0370-40A9-A6DF-1DE7F4F1D20C}.Debug|Any CPU.ActiveCfg = Debug|Any CPU
		{F38B0E56-0370-40A9-A6DF-1DE7F4F1D20C}.Debug|Any CPU.Build.0 = Debug|Any CPU
		{F38B0E56-0370-40A9-A6DF-1DE7F4F1D20C}.Release|Any CPU.ActiveCfg = Release|Any CPU
		{F38B0E56-0370-40A9-A6DF-1DE7F4F1D20C}.Release|Any CPU.Build.0 = Release|Any CPU
		{979DD751-2509-4206-9E4E-E30C233AC1DF}.Debug|Any CPU.ActiveCfg = Debug|Any CPU
		{979DD751-2509-4206-9E4E-E30C233AC1DF}.Debug|Any CPU.Build.0 = Debug|Any CPU
		{979DD751-2509-4206-9E4E-E30C233AC1DF}.Release|Any CPU.ActiveCfg = Release|Any CPU
		{979DD751-2509-4206-9E4E-E30C233AC1DF}.Release|Any CPU.Build.0 = Release|Any CPU
		{3A0D1CED-0D26-48E7-8B5B-282D00BE040B}.Debug|Any CPU.ActiveCfg = Debug|Any CPU
		{3A0D1CED-0D26-48E7-8B5B-282D00BE040B}.Debug|Any CPU.Build.0 = Debug|Any CPU
		{3A0D1CED-0D26-48E7-8B5B-282D00BE040B}.Release|Any CPU.ActiveCfg = Release|Any CPU
		{3A0D1CED-0D26-48E7-8B5B-282D00BE040B}.Release|Any CPU.Build.0 = Release|Any CPU
	EndGlobalSection
	GlobalSection(SolutionProperties) = preSolution
		HideSolutionNode = FALSE
	EndGlobalSection
	GlobalSection(ExtensibilityGlobals) = postSolution
		SolutionGuid = {D7A441C2-389E-4E05-A239-01E660186AD7}
	EndGlobalSection
EndGlobal
