
Microsoft Visual Studio Solution File, Format Version 12.00
# Visual Studio 14
VisualStudioVersion = 14.0.24720.0
MinimumVisualStudioVersion = 10.0.40219.1
Project("{FAE04EC0-301F-11D3-BF4B-00C04F79EFBC}") = "01. OddLines", "01. OddLines\01. OddLines.csproj", "{4D97DE90-10FC-43B6-A3FD-BA2CA15F9504}"
EndProject
Project("{FAE04EC0-301F-11D3-BF4B-00C04F79EFBC}") = "02. LineNums", "02. LineNums\02. LineNums.csproj", "{EF04F2EE-9791-4792-8C02-87AD7140828B}"
EndProject
Project("{FAE04EC0-301F-11D3-BF4B-00C04F79EFBC}") = "03. WordCount", "03. WordCount\03. WordCount.csproj", "{2AB17EEA-1BEE-4AAB-A275-889055DE1897}"
EndProject
Project("{FAE04EC0-301F-11D3-BF4B-00C04F79EFBC}") = "04. MergeFiles", "04. MergeFiles\04. MergeFiles.csproj", "{B7E8687C-410A-4402-A2A2-CDE1E6F6A96D}"
EndProject
Project("{FAE04EC0-301F-11D3-BF4B-00C04F79EFBC}") = "05. FolderSize", "05. FolderSize\05. FolderSize.csproj", "{97E155A3-E0CB-456E-82F4-8843DD099B42}"
EndProject
Global
	GlobalSection(SolutionConfigurationPlatforms) = preSolution
		Debug|Any CPU = Debug|Any CPU
		Release|Any CPU = Release|Any CPU
	EndGlobalSection
	GlobalSection(ProjectConfigurationPlatforms) = postSolution
		{4D97DE90-10FC-43B6-A3FD-BA2CA15F9504}.Debug|Any CPU.ActiveCfg = Debug|Any CPU
		{4D97DE90-10FC-43B6-A3FD-BA2CA15F9504}.Debug|Any CPU.Build.0 = Debug|Any CPU
		{4D97DE90-10FC-43B6-A3FD-BA2CA15F9504}.Release|Any CPU.ActiveCfg = Release|Any CPU
		{4D97DE90-10FC-43B6-A3FD-BA2CA15F9504}.Release|Any CPU.Build.0 = Release|Any CPU
		{EF04F2EE-9791-4792-8C02-87AD7140828B}.Debug|Any CPU.ActiveCfg = Debug|Any CPU
		{EF04F2EE-9791-4792-8C02-87AD7140828B}.Debug|Any CPU.Build.0 = Debug|Any CPU
		{EF04F2EE-9791-4792-8C02-87AD7140828B}.Release|Any CPU.ActiveCfg = Release|Any CPU
		{EF04F2EE-9791-4792-8C02-87AD7140828B}.Release|Any CPU.Build.0 = Release|Any CPU
		{2AB17EEA-1BEE-4AAB-A275-889055DE1897}.Debug|Any CPU.ActiveCfg = Debug|Any CPU
		{2AB17EEA-1BEE-4AAB-A275-889055DE1897}.Debug|Any CPU.Build.0 = Debug|Any CPU
		{2AB17EEA-1BEE-4AAB-A275-889055DE1897}.Release|Any CPU.ActiveCfg = Release|Any CPU
		{2AB17EEA-1BEE-4AAB-A275-889055DE1897}.Release|Any CPU.Build.0 = Release|Any CPU
		{B7E8687C-410A-4402-A2A2-CDE1E6F6A96D}.Debug|Any CPU.ActiveCfg = Debug|Any CPU
		{B7E8687C-410A-4402-A2A2-CDE1E6F6A96D}.Debug|Any CPU.Build.0 = Debug|Any CPU
		{B7E8687C-410A-4402-A2A2-CDE1E6F6A96D}.Release|Any CPU.ActiveCfg = Release|Any CPU
		{B7E8687C-410A-4402-A2A2-CDE1E6F6A96D}.Release|Any CPU.Build.0 = Release|Any CPU
		{97E155A3-E0CB-456E-82F4-8843DD099B42}.Debug|Any CPU.ActiveCfg = Debug|Any CPU
		{97E155A3-E0CB-456E-82F4-8843DD099B42}.Debug|Any CPU.Build.0 = Debug|Any CPU
		{97E155A3-E0CB-456E-82F4-8843DD099B42}.Release|Any CPU.ActiveCfg = Release|Any CPU
		{97E155A3-E0CB-456E-82F4-8843DD099B42}.Release|Any CPU.Build.0 = Release|Any CPU
	EndGlobalSection
	GlobalSection(SolutionProperties) = preSolution
		HideSolutionNode = FALSE
	EndGlobalSection
EndGlobal
