
Microsoft Visual Studio Solution File, Format Version 12.00
# Visual Studio 14
VisualStudioVersion = 14.0.24720.0
MinimumVisualStudioVersion = 10.0.40219.1
Project("{FAE04EC0-301F-11D3-BF4B-00C04F79EFBC}") = "01. SumOfArrayElements", "01. SumOfArrayElements\01. SumOfArrayElements.csproj", "{1CC1817B-3DAC-4300-A474-DE986F43B09B}"
EndProject
Project("{FAE04EC0-301F-11D3-BF4B-00C04F79EFBC}") = "02. MultiplyArray", "02. MultiplyArray\02. MultiplyArray.csproj", "{0C64C480-CB40-4ADD-819D-05F4E39BA97A}"
EndProject
Project("{FAE04EC0-301F-11D3-BF4B-00C04F79EFBC}") = "03. SmallestArrayElement", "3. SmallestArrayElement\03. SmallestArrayElement.csproj", "{51B38F8F-8D50-45BA-A11B-7E6E576C1256}"
EndProject
Project("{FAE04EC0-301F-11D3-BF4B-00C04F79EFBC}") = "04. RotateArray", "4. RotateArray\04. RotateArray.csproj", "{25599A23-1D0A-49FD-BBCA-A8D42E06E1CD}"
EndProject
Project("{FAE04EC0-301F-11D3-BF4B-00C04F79EFBC}") = "05. CountOddNumbers", "05. CountOddNumbers\05. CountOddNumbers.csproj", "{1DA36231-0A89-45B5-BEBC-4E6C70E59363}"
EndProject
Project("{FAE04EC0-301F-11D3-BF4B-00C04F79EFBC}") = "06. OddNumbersInOddIndexes", "06. OddNumbersInOddIndexes\06. OddNumbersInOddIndexes.csproj", "{0790815A-FA4F-49EF-8EB2-523ABAA693DC}"
EndProject
Global
	GlobalSection(SolutionConfigurationPlatforms) = preSolution
		Debug|Any CPU = Debug|Any CPU
		Release|Any CPU = Release|Any CPU
	EndGlobalSection
	GlobalSection(ProjectConfigurationPlatforms) = postSolution
		{1CC1817B-3DAC-4300-A474-DE986F43B09B}.Debug|Any CPU.ActiveCfg = Debug|Any CPU
		{1CC1817B-3DAC-4300-A474-DE986F43B09B}.Debug|Any CPU.Build.0 = Debug|Any CPU
		{1CC1817B-3DAC-4300-A474-DE986F43B09B}.Release|Any CPU.ActiveCfg = Release|Any CPU
		{1CC1817B-3DAC-4300-A474-DE986F43B09B}.Release|Any CPU.Build.0 = Release|Any CPU
		{0C64C480-CB40-4ADD-819D-05F4E39BA97A}.Debug|Any CPU.ActiveCfg = Debug|Any CPU
		{0C64C480-CB40-4ADD-819D-05F4E39BA97A}.Debug|Any CPU.Build.0 = Debug|Any CPU
		{0C64C480-CB40-4ADD-819D-05F4E39BA97A}.Release|Any CPU.ActiveCfg = Release|Any CPU
		{0C64C480-CB40-4ADD-819D-05F4E39BA97A}.Release|Any CPU.Build.0 = Release|Any CPU
		{51B38F8F-8D50-45BA-A11B-7E6E576C1256}.Debug|Any CPU.ActiveCfg = Debug|Any CPU
		{51B38F8F-8D50-45BA-A11B-7E6E576C1256}.Debug|Any CPU.Build.0 = Debug|Any CPU
		{51B38F8F-8D50-45BA-A11B-7E6E576C1256}.Release|Any CPU.ActiveCfg = Release|Any CPU
		{51B38F8F-8D50-45BA-A11B-7E6E576C1256}.Release|Any CPU.Build.0 = Release|Any CPU
		{25599A23-1D0A-49FD-BBCA-A8D42E06E1CD}.Debug|Any CPU.ActiveCfg = Debug|Any CPU
		{25599A23-1D0A-49FD-BBCA-A8D42E06E1CD}.Debug|Any CPU.Build.0 = Debug|Any CPU
		{25599A23-1D0A-49FD-BBCA-A8D42E06E1CD}.Release|Any CPU.ActiveCfg = Release|Any CPU
		{25599A23-1D0A-49FD-BBCA-A8D42E06E1CD}.Release|Any CPU.Build.0 = Release|Any CPU
		{1DA36231-0A89-45B5-BEBC-4E6C70E59363}.Debug|Any CPU.ActiveCfg = Debug|Any CPU
		{1DA36231-0A89-45B5-BEBC-4E6C70E59363}.Debug|Any CPU.Build.0 = Debug|Any CPU
		{1DA36231-0A89-45B5-BEBC-4E6C70E59363}.Release|Any CPU.ActiveCfg = Release|Any CPU
		{1DA36231-0A89-45B5-BEBC-4E6C70E59363}.Release|Any CPU.Build.0 = Release|Any CPU
		{0790815A-FA4F-49EF-8EB2-523ABAA693DC}.Debug|Any CPU.ActiveCfg = Debug|Any CPU
		{0790815A-FA4F-49EF-8EB2-523ABAA693DC}.Debug|Any CPU.Build.0 = Debug|Any CPU
		{0790815A-FA4F-49EF-8EB2-523ABAA693DC}.Release|Any CPU.ActiveCfg = Release|Any CPU
		{0790815A-FA4F-49EF-8EB2-523ABAA693DC}.Release|Any CPU.Build.0 = Release|Any CPU
	EndGlobalSection
	GlobalSection(SolutionProperties) = preSolution
		HideSolutionNode = FALSE
	EndGlobalSection
EndGlobal
