
Microsoft Visual Studio Solution File, Format Version 12.00
# Visual Studio 14
VisualStudioVersion = 14.0.24720.0
MinimumVisualStudioVersion = 10.0.40219.1
Project("{FAE04EC0-301F-11D3-BF4B-00C04F79EFBC}") = "01. Excercises", "01. Excercises\01. Excercises.csproj", "{22A0386A-0737-401C-BF0C-7FD9FD8D5C33}"
EndProject
Project("{FAE04EC0-301F-11D3-BF4B-00C04F79EFBC}") = "02. OptimizedBankingSystem", "02. OptimizedBankingSystem\02. OptimizedBankingSystem.csproj", "{C9F87C17-88D0-4EE3-A9F0-F114DE6D0B5C}"
EndProject
Project("{FAE04EC0-301F-11D3-BF4B-00C04F79EFBC}") = "03. Animals", "03. Animals\03. Animals.csproj", "{A952CBCF-EA36-4749-BCEA-DD5E31DE139B}"
EndProject
Project("{FAE04EC0-301F-11D3-BF4B-00C04F79EFBC}") = "04. Websites", "04. Websites\04. Websites.csproj", "{3560F72E-6891-4AF0-B525-9B75404BF5BD}"
EndProject
Project("{FAE04EC0-301F-11D3-BF4B-00C04F79EFBC}") = "05. Boxes", "05. Boxes\05. Boxes.csproj", "{86FEBEE8-D6A4-4359-A601-AD754505E5F6}"
EndProject
Project("{FAE04EC0-301F-11D3-BF4B-00C04F79EFBC}") = "06. Messages", "06. Messages\06. Messages.csproj", "{0800FA03-7C26-4327-8AB2-0D5987F44F80}"
EndProject
Global
	GlobalSection(SolutionConfigurationPlatforms) = preSolution
		Debug|Any CPU = Debug|Any CPU
		Release|Any CPU = Release|Any CPU
	EndGlobalSection
	GlobalSection(ProjectConfigurationPlatforms) = postSolution
		{22A0386A-0737-401C-BF0C-7FD9FD8D5C33}.Debug|Any CPU.ActiveCfg = Debug|Any CPU
		{22A0386A-0737-401C-BF0C-7FD9FD8D5C33}.Debug|Any CPU.Build.0 = Debug|Any CPU
		{22A0386A-0737-401C-BF0C-7FD9FD8D5C33}.Release|Any CPU.ActiveCfg = Release|Any CPU
		{22A0386A-0737-401C-BF0C-7FD9FD8D5C33}.Release|Any CPU.Build.0 = Release|Any CPU
		{C9F87C17-88D0-4EE3-A9F0-F114DE6D0B5C}.Debug|Any CPU.ActiveCfg = Debug|Any CPU
		{C9F87C17-88D0-4EE3-A9F0-F114DE6D0B5C}.Debug|Any CPU.Build.0 = Debug|Any CPU
		{C9F87C17-88D0-4EE3-A9F0-F114DE6D0B5C}.Release|Any CPU.ActiveCfg = Release|Any CPU
		{C9F87C17-88D0-4EE3-A9F0-F114DE6D0B5C}.Release|Any CPU.Build.0 = Release|Any CPU
		{A952CBCF-EA36-4749-BCEA-DD5E31DE139B}.Debug|Any CPU.ActiveCfg = Debug|Any CPU
		{A952CBCF-EA36-4749-BCEA-DD5E31DE139B}.Debug|Any CPU.Build.0 = Debug|Any CPU
		{A952CBCF-EA36-4749-BCEA-DD5E31DE139B}.Release|Any CPU.ActiveCfg = Release|Any CPU
		{A952CBCF-EA36-4749-BCEA-DD5E31DE139B}.Release|Any CPU.Build.0 = Release|Any CPU
		{3560F72E-6891-4AF0-B525-9B75404BF5BD}.Debug|Any CPU.ActiveCfg = Debug|Any CPU
		{3560F72E-6891-4AF0-B525-9B75404BF5BD}.Debug|Any CPU.Build.0 = Debug|Any CPU
		{3560F72E-6891-4AF0-B525-9B75404BF5BD}.Release|Any CPU.ActiveCfg = Release|Any CPU
		{3560F72E-6891-4AF0-B525-9B75404BF5BD}.Release|Any CPU.Build.0 = Release|Any CPU
		{86FEBEE8-D6A4-4359-A601-AD754505E5F6}.Debug|Any CPU.ActiveCfg = Debug|Any CPU
		{86FEBEE8-D6A4-4359-A601-AD754505E5F6}.Debug|Any CPU.Build.0 = Debug|Any CPU
		{86FEBEE8-D6A4-4359-A601-AD754505E5F6}.Release|Any CPU.ActiveCfg = Release|Any CPU
		{86FEBEE8-D6A4-4359-A601-AD754505E5F6}.Release|Any CPU.Build.0 = Release|Any CPU
		{0800FA03-7C26-4327-8AB2-0D5987F44F80}.Debug|Any CPU.ActiveCfg = Debug|Any CPU
		{0800FA03-7C26-4327-8AB2-0D5987F44F80}.Debug|Any CPU.Build.0 = Debug|Any CPU
		{0800FA03-7C26-4327-8AB2-0D5987F44F80}.Release|Any CPU.ActiveCfg = Release|Any CPU
		{0800FA03-7C26-4327-8AB2-0D5987F44F80}.Release|Any CPU.Build.0 = Release|Any CPU
	EndGlobalSection
	GlobalSection(SolutionProperties) = preSolution
		HideSolutionNode = FALSE
	EndGlobalSection
EndGlobal
